
Microsoft Visual Studio Solution File, Format Version 12.00
# Visual Studio 15
VisualStudioVersion = 15.0.27703.2035
MinimumVisualStudioVersion = 10.0.40219.1
Project("{FAE04EC0-301F-11D3-BF4B-00C04F79EFBC}") = "Compras.Android", "Compras\Compras.Android\Compras.Android.csproj", "{0CDB7925-E4A1-4782-893C-052F5DAC362D}"
EndProject
Project("{FAE04EC0-301F-11D3-BF4B-00C04F79EFBC}") = "Compras.iOS", "Compras\Compras.iOS\Compras.iOS.csproj", "{C680CEA9-9C9E-4655-B37D-5E31194934FB}"
EndProject
Project("{FAE04EC0-301F-11D3-BF4B-00C04F79EFBC}") = "Compras", "Compras\Compras\Compras.csproj", "{31653857-568D-44F2-B135-4F30B13602B8}"
EndProject
Global
	GlobalSection(SolutionConfigurationPlatforms) = preSolution
		Ad-Hoc|Any CPU = Ad-Hoc|Any CPU
		Ad-Hoc|iPhone = Ad-Hoc|iPhone
		Ad-Hoc|iPhoneSimulator = Ad-Hoc|iPhoneSimulator
		AppStore|Any CPU = AppStore|Any CPU
		AppStore|iPhone = AppStore|iPhone
		AppStore|iPhoneSimulator = AppStore|iPhoneSimulator
		Debug|Any CPU = Debug|Any CPU
		Debug|iPhone = Debug|iPhone
		Debug|iPhoneSimulator = Debug|iPhoneSimulator
		Release|Any CPU = Release|Any CPU
		Release|iPhone = Release|iPhone
		Release|iPhoneSimulator = Release|iPhoneSimulator
	EndGlobalSection
	GlobalSection(ProjectConfigurationPlatforms) = postSolution
		{0CDB7925-E4A1-4782-893C-052F5DAC362D}.Ad-Hoc|Any CPU.ActiveCfg = Release|Any CPU
		{0CDB7925-E4A1-4782-893C-052F5DAC362D}.Ad-Hoc|Any CPU.Build.0 = Release|Any CPU
		{0CDB7925-E4A1-4782-893C-052F5DAC362D}.Ad-Hoc|Any CPU.Deploy.0 = Release|Any CPU
		{0CDB7925-E4A1-4782-893C-052F5DAC362D}.Ad-Hoc|iPhone.ActiveCfg = Release|Any CPU
		{0CDB7925-E4A1-4782-893C-052F5DAC362D}.Ad-Hoc|iPhone.Build.0 = Release|Any CPU
		{0CDB7925-E4A1-4782-893C-052F5DAC362D}.Ad-Hoc|iPhone.Deploy.0 = Release|Any CPU
		{0CDB7925-E4A1-4782-893C-052F5DAC362D}.Ad-Hoc|iPhoneSimulator.ActiveCfg = Release|Any CPU
		{0CDB7925-E4A1-4782-893C-052F5DAC362D}.Ad-Hoc|iPhoneSimulator.Build.0 = Release|Any CPU
		{0CDB7925-E4A1-4782-893C-052F5DAC362D}.Ad-Hoc|iPhoneSimulator.Deploy.0 = Release|Any CPU
		{0CDB7925-E4A1-4782-893C-052F5DAC362D}.AppStore|Any CPU.ActiveCfg = Release|Any CPU
		{0CDB7925-E4A1-4782-893C-052F5DAC362D}.AppStore|Any CPU.Build.0 = Release|Any CPU
		{0CDB7925-E4A1-4782-893C-052F5DAC362D}.AppStore|Any CPU.Deploy.0 = Release|Any CPU
		{0CDB7925-E4A1-4782-893C-052F5DAC362D}.AppStore|iPhone.ActiveCfg = Release|Any CPU
		{0CDB7925-E4A1-4782-893C-052F5DAC362D}.AppStore|iPhone.Build.0 = Release|Any CPU
		{0CDB7925-E4A1-4782-893C-052F5DAC362D}.AppStore|iPhone.Deploy.0 = Release|Any CPU
		{0CDB7925-E4A1-4782-893C-052F5DAC362D}.AppStore|iPhoneSimulator.ActiveCfg = Release|Any CPU
		{0CDB7925-E4A1-4782-893C-052F5DAC362D}.AppStore|iPhoneSimulator.Build.0 = Release|Any CPU
		{0CDB7925-E4A1-4782-893C-052F5DAC362D}.AppStore|iPhoneSimulator.Deploy.0 = Release|Any CPU
		{0CDB7925-E4A1-4782-893C-052F5DAC362D}.Debug|Any CPU.ActiveCfg = Debug|Any CPU
		{0CDB7925-E4A1-4782-893C-052F5DAC362D}.Debug|Any CPU.Build.0 = Debug|Any CPU
		{0CDB7925-E4A1-4782-893C-052F5DAC362D}.Debug|Any CPU.Deploy.0 = Debug|Any CPU
		{0CDB7925-E4A1-4782-893C-052F5DAC362D}.Debug|iPhone.ActiveCfg = Debug|Any CPU
		{0CDB7925-E4A1-4782-893C-052F5DAC362D}.Debug|iPhone.Build.0 = Debug|Any CPU
		{0CDB7925-E4A1-4782-893C-052F5DAC362D}.Debug|iPhone.Deploy.0 = Debug|Any CPU
		{0CDB7925-E4A1-4782-893C-052F5DAC362D}.Debug|iPhoneSimulator.ActiveCfg = Debug|Any CPU
		{0CDB7925-E4A1-4782-893C-052F5DAC362D}.Debug|iPhoneSimulator.Build.0 = Debug|Any CPU
		{0CDB7925-E4A1-4782-893C-052F5DAC362D}.Debug|iPhoneSimulator.Deploy.0 = Debug|Any CPU
		{0CDB7925-E4A1-4782-893C-052F5DAC362D}.Release|Any CPU.ActiveCfg = Release|Any CPU
		{0CDB7925-E4A1-4782-893C-052F5DAC362D}.Release|Any CPU.Build.0 = Release|Any CPU
		{0CDB7925-E4A1-4782-893C-052F5DAC362D}.Release|Any CPU.Deploy.0 = Release|Any CPU
		{0CDB7925-E4A1-4782-893C-052F5DAC362D}.Release|iPhone.ActiveCfg = Release|Any CPU
		{0CDB7925-E4A1-4782-893C-052F5DAC362D}.Release|iPhone.Build.0 = Release|Any CPU
		{0CDB7925-E4A1-4782-893C-052F5DAC362D}.Release|iPhone.Deploy.0 = Release|Any CPU
		{0CDB7925-E4A1-4782-893C-052F5DAC362D}.Release|iPhoneSimulator.ActiveCfg = Release|Any CPU
		{0CDB7925-E4A1-4782-893C-052F5DAC362D}.Release|iPhoneSimulator.Build.0 = Release|Any CPU
		{0CDB7925-E4A1-4782-893C-052F5DAC362D}.Release|iPhoneSimulator.Deploy.0 = Release|Any CPU
		{C680CEA9-9C9E-4655-B37D-5E31194934FB}.Ad-Hoc|Any CPU.ActiveCfg = Ad-Hoc|iPhone
		{C680CEA9-9C9E-4655-B37D-5E31194934FB}.Ad-Hoc|Any CPU.Build.0 = Ad-Hoc|iPhone
		{C680CEA9-9C9E-4655-B37D-5E31194934FB}.Ad-Hoc|Any CPU.Deploy.0 = Ad-Hoc|iPhone
		{C680CEA9-9C9E-4655-B37D-5E31194934FB}.Ad-Hoc|iPhone.ActiveCfg = Ad-Hoc|iPhone
		{C680CEA9-9C9E-4655-B37D-5E31194934FB}.Ad-Hoc|iPhone.Build.0 = Ad-Hoc|iPhone
		{C680CEA9-9C9E-4655-B37D-5E31194934FB}.Ad-Hoc|iPhone.Deploy.0 = Ad-Hoc|iPhone
		{C680CEA9-9C9E-4655-B37D-5E31194934FB}.Ad-Hoc|iPhoneSimulator.ActiveCfg = Ad-Hoc|iPhoneSimulator
		{C680CEA9-9C9E-4655-B37D-5E31194934FB}.Ad-Hoc|iPhoneSimulator.Build.0 = Ad-Hoc|iPhoneSimulator
		{C680CEA9-9C9E-4655-B37D-5E31194934FB}.Ad-Hoc|iPhoneSimulator.Deploy.0 = Ad-Hoc|iPhoneSimulator
		{C680CEA9-9C9E-4655-B37D-5E31194934FB}.AppStore|Any CPU.ActiveCfg = AppStore|iPhone
		{C680CEA9-9C9E-4655-B37D-5E31194934FB}.AppStore|Any CPU.Build.0 = AppStore|iPhone
		{C680CEA9-9C9E-4655-B37D-5E31194934FB}.AppStore|Any CPU.Deploy.0 = AppStore|iPhone
		{C680CEA9-9C9E-4655-B37D-5E31194934FB}.AppStore|iPhone.ActiveCfg = AppStore|iPhone
		{C680CEA9-9C9E-4655-B37D-5E31194934FB}.AppStore|iPhone.Build.0 = AppStore|iPhone
		{C680CEA9-9C9E-4655-B37D-5E31194934FB}.AppStore|iPhone.Deploy.0 = AppStore|iPhone
		{C680CEA9-9C9E-4655-B37D-5E31194934FB}.AppStore|iPhoneSimulator.ActiveCfg = AppStore|iPhoneSimulator
		{C680CEA9-9C9E-4655-B37D-5E31194934FB}.AppStore|iPhoneSimulator.Build.0 = AppStore|iPhoneSimulator
		{C680CEA9-9C9E-4655-B37D-5E31194934FB}.AppStore|iPhoneSimulator.Deploy.0 = AppStore|iPhoneSimulator
		{C680CEA9-9C9E-4655-B37D-5E31194934FB}.Debug|Any CPU.ActiveCfg = Debug|iPhoneSimulator
		{C680CEA9-9C9E-4655-B37D-5E31194934FB}.Debug|Any CPU.Build.0 = Debug|iPhoneSimulator
		{C680CEA9-9C9E-4655-B37D-5E31194934FB}.Debug|Any CPU.Deploy.0 = Debug|iPhoneSimulator
		{C680CEA9-9C9E-4655-B37D-5E31194934FB}.Debug|iPhone.ActiveCfg = Debug|iPhone
		{C680CEA9-9C9E-4655-B37D-5E31194934FB}.Debug|iPhone.Build.0 = Debug|iPhone
		{C680CEA9-9C9E-4655-B37D-5E31194934FB}.Debug|iPhone.Deploy.0 = Debug|iPhone
		{C680CEA9-9C9E-4655-B37D-5E31194934FB}.Debug|iPhoneSimulator.ActiveCfg = Debug|iPhoneSimulator
		{C680CEA9-9C9E-4655-B37D-5E31194934FB}.Debug|iPhoneSimulator.Build.0 = Debug|iPhoneSimulator
		{C680CEA9-9C9E-4655-B37D-5E31194934FB}.Debug|iPhoneSimulator.Deploy.0 = Debug|iPhoneSimulator
		{C680CEA9-9C9E-4655-B37D-5E31194934FB}.Release|Any CPU.ActiveCfg = Release|iPhone
		{C680CEA9-9C9E-4655-B37D-5E31194934FB}.Release|Any CPU.Build.0 = Release|iPhone
		{C680CEA9-9C9E-4655-B37D-5E31194934FB}.Release|Any CPU.Deploy.0 = Release|iPhone
		{C680CEA9-9C9E-4655-B37D-5E31194934FB}.Release|iPhone.ActiveCfg = Release|iPhone
		{C680CEA9-9C9E-4655-B37D-5E31194934FB}.Release|iPhone.Build.0 = Release|iPhone
		{C680CEA9-9C9E-4655-B37D-5E31194934FB}.Release|iPhone.Deploy.0 = Release|iPhone
		{C680CEA9-9C9E-4655-B37D-5E31194934FB}.Release|iPhoneSimulator.ActiveCfg = Release|iPhoneSimulator
		{C680CEA9-9C9E-4655-B37D-5E31194934FB}.Release|iPhoneSimulator.Build.0 = Release|iPhoneSimulator
		{C680CEA9-9C9E-4655-B37D-5E31194934FB}.Release|iPhoneSimulator.Deploy.0 = Release|iPhoneSimulator
		{31653857-568D-44F2-B135-4F30B13602B8}.Ad-Hoc|Any CPU.ActiveCfg = Debug|Any CPU
		{31653857-568D-44F2-B135-4F30B13602B8}.Ad-Hoc|Any CPU.Build.0 = Debug|Any CPU
		{31653857-568D-44F2-B135-4F30B13602B8}.Ad-Hoc|Any CPU.Deploy.0 = Debug|Any CPU
		{31653857-568D-44F2-B135-4F30B13602B8}.Ad-Hoc|iPhone.ActiveCfg = Debug|Any CPU
		{31653857-568D-44F2-B135-4F30B13602B8}.Ad-Hoc|iPhone.Build.0 = Debug|Any CPU
		{31653857-568D-44F2-B135-4F30B13602B8}.Ad-Hoc|iPhone.Deploy.0 = Debug|Any CPU
		{31653857-568D-44F2-B135-4F30B13602B8}.Ad-Hoc|iPhoneSimulator.ActiveCfg = Debug|Any CPU
		{31653857-568D-44F2-B135-4F30B13602B8}.Ad-Hoc|iPhoneSimulator.Build.0 = Debug|Any CPU
		{31653857-568D-44F2-B135-4F30B13602B8}.Ad-Hoc|iPhoneSimulator.Deploy.0 = Debug|Any CPU
		{31653857-568D-44F2-B135-4F30B13602B8}.AppStore|Any CPU.ActiveCfg = Debug|Any CPU
		{31653857-568D-44F2-B135-4F30B13602B8}.AppStore|Any CPU.Build.0 = Debug|Any CPU
		{31653857-568D-44F2-B135-4F30B13602B8}.AppStore|Any CPU.Deploy.0 = Debug|Any CPU
		{31653857-568D-44F2-B135-4F30B13602B8}.AppStore|iPhone.ActiveCfg = Debug|Any CPU
		{31653857-568D-44F2-B135-4F30B13602B8}.AppStore|iPhone.Build.0 = Debug|Any CPU
		{31653857-568D-44F2-B135-4F30B13602B8}.AppStore|iPhone.Deploy.0 = Debug|Any CPU
		{31653857-568D-44F2-B135-4F30B13602B8}.AppStore|iPhoneSimulator.ActiveCfg = Debug|Any CPU
		{31653857-568D-44F2-B135-4F30B13602B8}.AppStore|iPhoneSimulator.Build.0 = Debug|Any CPU
		{31653857-568D-44F2-B135-4F30B13602B8}.AppStore|iPhoneSimulator.Deploy.0 = Debug|Any CPU
		{31653857-568D-44F2-B135-4F30B13602B8}.Debug|Any CPU.ActiveCfg = Debug|Any CPU
		{31653857-568D-44F2-B135-4F30B13602B8}.Debug|Any CPU.Build.0 = Debug|Any CPU
		{31653857-568D-44F2-B135-4F30B13602B8}.Debug|Any CPU.Deploy.0 = Debug|Any CPU
		{31653857-568D-44F2-B135-4F30B13602B8}.Debug|iPhone.ActiveCfg = Debug|Any CPU
		{31653857-568D-44F2-B135-4F30B13602B8}.Debug|iPhone.Build.0 = Debug|Any CPU
		{31653857-568D-44F2-B135-4F30B13602B8}.Debug|iPhone.Deploy.0 = Debug|Any CPU
		{31653857-568D-44F2-B135-4F30B13602B8}.Debug|iPhoneSimulator.ActiveCfg = Debug|Any CPU
		{31653857-568D-44F2-B135-4F30B13602B8}.Debug|iPhoneSimulator.Build.0 = Debug|Any CPU
		{31653857-568D-44F2-B135-4F30B13602B8}.Debug|iPhoneSimulator.Deploy.0 = Debug|Any CPU
		{31653857-568D-44F2-B135-4F30B13602B8}.Release|Any CPU.ActiveCfg = Release|Any CPU
		{31653857-568D-44F2-B135-4F30B13602B8}.Release|Any CPU.Build.0 = Release|Any CPU
		{31653857-568D-44F2-B135-4F30B13602B8}.Release|Any CPU.Deploy.0 = Release|Any CPU
		{31653857-568D-44F2-B135-4F30B13602B8}.Release|iPhone.ActiveCfg = Release|Any CPU
		{31653857-568D-44F2-B135-4F30B13602B8}.Release|iPhone.Build.0 = Release|Any CPU
		{31653857-568D-44F2-B135-4F30B13602B8}.Release|iPhone.Deploy.0 = Release|Any CPU
		{31653857-568D-44F2-B135-4F30B13602B8}.Release|iPhoneSimulator.ActiveCfg = Release|Any CPU
		{31653857-568D-44F2-B135-4F30B13602B8}.Release|iPhoneSimulator.Build.0 = Release|Any CPU
		{31653857-568D-44F2-B135-4F30B13602B8}.Release|iPhoneSimulator.Deploy.0 = Release|Any CPU
	EndGlobalSection
	GlobalSection(SolutionProperties) = preSolution
		HideSolutionNode = FALSE
	EndGlobalSection
	GlobalSection(ExtensibilityGlobals) = postSolution
		SolutionGuid = {892E0B58-D4EA-4E61-8716-D7962978FEDC}
	EndGlobalSection
EndGlobal
